
Microsoft Visual Studio Solution File, Format Version 11.00
# Visual Studio 2010
Project("{FAE04EC0-301F-11D3-BF4B-00C04F79EFBC}") = "MoneyCollecter", "MoneyCollecter\MoneyCollecter.csproj", "{3619435C-E710-4E1E-8CF0-09F66C5FDC7B}"
EndProject
Project("{FAE04EC0-301F-11D3-BF4B-00C04F79EFBC}") = "MoneyCollecter.Tests", "MoneyCollecter.Tests\MoneyCollecter.Tests.csproj", "{E5B0F905-8A9D-4FCF-8C31-14822140EF4B}"
EndProject
Global
	GlobalSection(SolutionConfigurationPlatforms) = preSolution
		Debug|Any CPU = Debug|Any CPU
		Release|Any CPU = Release|Any CPU
	EndGlobalSection
	GlobalSection(ProjectConfigurationPlatforms) = postSolution
		{3619435C-E710-4E1E-8CF0-09F66C5FDC7B}.Debug|Any CPU.ActiveCfg = Debug|Any CPU
		{3619435C-E710-4E1E-8CF0-09F66C5FDC7B}.Debug|Any CPU.Build.0 = Debug|Any CPU
		{3619435C-E710-4E1E-8CF0-09F66C5FDC7B}.Release|Any CPU.ActiveCfg = Release|Any CPU
		{3619435C-E710-4E1E-8CF0-09F66C5FDC7B}.Release|Any CPU.Build.0 = Release|Any CPU
		{E5B0F905-8A9D-4FCF-8C31-14822140EF4B}.Debug|Any CPU.ActiveCfg = Debug|Any CPU
		{E5B0F905-8A9D-4FCF-8C31-14822140EF4B}.Debug|Any CPU.Build.0 = Debug|Any CPU
		{E5B0F905-8A9D-4FCF-8C31-14822140EF4B}.Release|Any CPU.ActiveCfg = Release|Any CPU
		{E5B0F905-8A9D-4FCF-8C31-14822140EF4B}.Release|Any CPU.Build.0 = Release|Any CPU
	EndGlobalSection
	GlobalSection(SolutionProperties) = preSolution
		HideSolutionNode = FALSE
	EndGlobalSection
EndGlobal
